
Microsoft Visual Studio Solution File, Format Version 12.00
# Visual Studio Version 17
VisualStudioVersion = 17.6.33829.357
MinimumVisualStudioVersion = 10.0.40219.1
Project("{8BC9CEB8-8B4A-11D0-8D11-00A0C91BC942}") = "pract_3", "pract_3\pract_3.vcxproj", "{EDD84606-C7F2-4A31-BD8A-E98C3F0BF32E}"
EndProject
Global
	GlobalSection(SolutionConfigurationPlatforms) = preSolution
		Debug|x64 = Debug|x64
		Debug|x86 = Debug|x86
		Release|x64 = Release|x64
		Release|x86 = Release|x86
	EndGlobalSection
	GlobalSection(ProjectConfigurationPlatforms) = postSolution
		{EDD84606-C7F2-4A31-BD8A-E98C3F0BF32E}.Debug|x64.ActiveCfg = Debug|x64
		{EDD84606-C7F2-4A31-BD8A-E98C3F0BF32E}.Debug|x64.Build.0 = Debug|x64
		{EDD84606-C7F2-4A31-BD8A-E98C3F0BF32E}.Debug|x86.ActiveCfg = Debug|Win32
		{EDD84606-C7F2-4A31-BD8A-E98C3F0BF32E}.Debug|x86.Build.0 = Debug|Win32
		{EDD84606-C7F2-4A31-BD8A-E98C3F0BF32E}.Release|x64.ActiveCfg = Release|x64
		{EDD84606-C7F2-4A31-BD8A-E98C3F0BF32E}.Release|x64.Build.0 = Release|x64
		{EDD84606-C7F2-4A31-BD8A-E98C3F0BF32E}.Release|x86.ActiveCfg = Release|Win32
		{EDD84606-C7F2-4A31-BD8A-E98C3F0BF32E}.Release|x86.Build.0 = Release|Win32
	EndGlobalSection
	GlobalSection(SolutionProperties) = preSolution
		HideSolutionNode = FALSE
	EndGlobalSection
	GlobalSection(ExtensibilityGlobals) = postSolution
		SolutionGuid = {97F321FD-9868-45EA-AF4B-91C2BD299A1B}
	EndGlobalSection
EndGlobal
